<?xml version="1.0" encoding="UTF-8"?>
<CodeBlocks_project_file>
	<FileVersion major="1" minor="6"/>
	<Project>
		<Option title="arp_sender"/>
		<Option makefile_is_custom="1"/>
		<Option compiler="gcc"/>
		<Option virtualFolders="CMake Files\;"/>
		<Build>
			<Target title="all">
				<Option working_dir="/home/hwangseonu/Workspace/src/arp_sender"/>
				<Option type="4"/>
				<MakeCommands>
					<Build command="/usr/bin/make -f &quot;/home/hwangseonu/Workspace/src/arp_sender/Makefile&quot;  VERBOSE=1 all"/>
					<CompileFile command="/usr/bin/make -f &quot;/home/hwangseonu/Workspace/src/arp_sender/Makefile&quot;  VERBOSE=1 &quot;$file&quot;"/>
					<Clean command="/usr/bin/make -f &quot;/home/hwangseonu/Workspace/src/arp_sender/Makefile&quot;  VERBOSE=1 clean"/>
					<DistClean command="/usr/bin/make -f &quot;/home/hwangseonu/Workspace/src/arp_sender/Makefile&quot;  VERBOSE=1 clean"/>
				</MakeCommands>
			</Target>
			<Target title="rebuild_cache">
				<Option working_dir="/home/hwangseonu/Workspace/src/arp_sender"/>
				<Option type="4"/>
				<MakeCommands>
					<Build command="/usr/bin/make -f &quot;/home/hwangseonu/Workspace/src/arp_sender/Makefile&quot;  VERBOSE=1 rebuild_cache"/>
					<CompileFile command="/usr/bin/make -f &quot;/home/hwangseonu/Workspace/src/arp_sender/Makefile&quot;  VERBOSE=1 &quot;$file&quot;"/>
					<Clean command="/usr/bin/make -f &quot;/home/hwangseonu/Workspace/src/arp_sender/Makefile&quot;  VERBOSE=1 clean"/>
					<DistClean command="/usr/bin/make -f &quot;/home/hwangseonu/Workspace/src/arp_sender/Makefile&quot;  VERBOSE=1 clean"/>
				</MakeCommands>
			</Target>
			<Target title="arp_sender">
				<Option output="/home/hwangseonu/Workspace/src/arp_sender/arp_sender" prefix_auto="0" extension_auto="0"/>
				<Option working_dir="/home/hwangseonu/Workspace/src/arp_sender"/>
				<Option object_output="./"/>
				<Option type="1"/>
				<Option compiler="gcc"/>
				<Compiler/>
				<MakeCommands>
					<Build command="/usr/bin/make -f &quot;/home/hwangseonu/Workspace/src/arp_sender/Makefile&quot;  VERBOSE=1 arp_sender"/>
					<CompileFile command="/usr/bin/make -f &quot;/home/hwangseonu/Workspace/src/arp_sender/Makefile&quot;  VERBOSE=1 &quot;$file&quot;"/>
					<Clean command="/usr/bin/make -f &quot;/home/hwangseonu/Workspace/src/arp_sender/Makefile&quot;  VERBOSE=1 clean"/>
					<DistClean command="/usr/bin/make -f &quot;/home/hwangseonu/Workspace/src/arp_sender/Makefile&quot;  VERBOSE=1 clean"/>
				</MakeCommands>
			</Target>
			<Target title="arp_sender/fast">
				<Option output="/home/hwangseonu/Workspace/src/arp_sender/arp_sender" prefix_auto="0" extension_auto="0"/>
				<Option working_dir="/home/hwangseonu/Workspace/src/arp_sender"/>
				<Option object_output="./"/>
				<Option type="1"/>
				<Option compiler="gcc"/>
				<Compiler/>
				<MakeCommands>
					<Build command="/usr/bin/make -f &quot;/home/hwangseonu/Workspace/src/arp_sender/Makefile&quot;  VERBOSE=1 arp_sender/fast"/>
					<CompileFile command="/usr/bin/make -f &quot;/home/hwangseonu/Workspace/src/arp_sender/Makefile&quot;  VERBOSE=1 &quot;$file&quot;"/>
					<Clean command="/usr/bin/make -f &quot;/home/hwangseonu/Workspace/src/arp_sender/Makefile&quot;  VERBOSE=1 clean"/>
					<DistClean command="/usr/bin/make -f &quot;/home/hwangseonu/Workspace/src/arp_sender/Makefile&quot;  VERBOSE=1 clean"/>
				</MakeCommands>
			</Target>
			<Target title="edit_cache">
				<Option working_dir="/home/hwangseonu/Workspace/src/arp_sender"/>
				<Option type="4"/>
				<MakeCommands>
					<Build command="/usr/bin/make -f &quot;/home/hwangseonu/Workspace/src/arp_sender/Makefile&quot;  VERBOSE=1 edit_cache"/>
					<CompileFile command="/usr/bin/make -f &quot;/home/hwangseonu/Workspace/src/arp_sender/Makefile&quot;  VERBOSE=1 &quot;$file&quot;"/>
					<Clean command="/usr/bin/make -f &quot;/home/hwangseonu/Workspace/src/arp_sender/Makefile&quot;  VERBOSE=1 clean"/>
					<DistClean command="/usr/bin/make -f &quot;/home/hwangseonu/Workspace/src/arp_sender/Makefile&quot;  VERBOSE=1 clean"/>
				</MakeCommands>
			</Target>
		</Build>
		<Unit filename="/home/hwangseonu/Workspace/src/arp_sender/main.cpp">
			<Option target="arp_sender"/>
		</Unit>
		<Unit filename="/home/hwangseonu/Workspace/src/arp_sender/network/ArpPacket.cpp">
			<Option target="arp_sender"/>
		</Unit>
		<Unit filename="/home/hwangseonu/Workspace/src/arp_sender/network/ArpPacket.h">
			<Option target="arp_sender"/>
		</Unit>
		<Unit filename="/home/hwangseonu/Workspace/src/arp_sender/network/HwAddr.cpp">
			<Option target="arp_sender"/>
		</Unit>
		<Unit filename="/home/hwangseonu/Workspace/src/arp_sender/network/HwAddr.h">
			<Option target="arp_sender"/>
		</Unit>
		<Unit filename="/home/hwangseonu/Workspace/src/arp_sender/network/IpAddr.cpp">
			<Option target="arp_sender"/>
		</Unit>
		<Unit filename="/home/hwangseonu/Workspace/src/arp_sender/network/IpAddr.h">
			<Option target="arp_sender"/>
		</Unit>
		<Unit filename="/home/hwangseonu/Workspace/src/arp_sender/network/pdu/Arp.cpp">
			<Option target="arp_sender"/>
		</Unit>
		<Unit filename="/home/hwangseonu/Workspace/src/arp_sender/network/pdu/Arp.h">
			<Option target="arp_sender"/>
		</Unit>
		<Unit filename="/home/hwangseonu/Workspace/src/arp_sender/network/pdu/Ether.cpp">
			<Option target="arp_sender"/>
		</Unit>
		<Unit filename="/home/hwangseonu/Workspace/src/arp_sender/network/pdu/Ether.h">
			<Option target="arp_sender"/>
		</Unit>
		<Unit filename="/home/hwangseonu/Workspace/src/arp_sender/CMakeLists.txt">
			<Option virtualFolder="CMake Files\"/>
		</Unit>
		<Unit filename="/home/hwangseonu/Workspace/src/arp_sender/FindPCAP.cmake">
			<Option virtualFolder="CMake Files\"/>
		</Unit>
	</Project>
</CodeBlocks_project_file>
